
Microsoft Visual Studio Solution File, Format Version 12.00
# Visual Studio Version 16
VisualStudioVersion = 16.0.30225.117
MinimumVisualStudioVersion = 10.0.40219.1
Project("{9A19103F-16F7-4668-BE54-9A1E7A4F7556}") = "DuoBitArray", "DuoBitArray\DuoBitArray.csproj", "{8BEA3B38-FF21-4A62-BE0C-C308FC4D7880}"
EndProject
Project("{9A19103F-16F7-4668-BE54-9A1E7A4F7556}") = "DuoBitDataStructuresTests", "DuoBitDataStructuresTests\DuoBitDataStructuresTests.csproj", "{993333BF-D926-4686-B614-C5019536259F}"
EndProject
Project("{FAE04EC0-301F-11D3-BF4B-00C04F79EFBC}") = "DuoBitQueue", "DuoBitQueue\DuoBitQueue.csproj", "{8F826310-6017-4668-8B10-295A4EE431D3}"
EndProject
Global
	GlobalSection(SolutionConfigurationPlatforms) = preSolution
		Debug|Any CPU = Debug|Any CPU
		Release|Any CPU = Release|Any CPU
	EndGlobalSection
	GlobalSection(ProjectConfigurationPlatforms) = postSolution
		{8BEA3B38-FF21-4A62-BE0C-C308FC4D7880}.Debug|Any CPU.ActiveCfg = Debug|Any CPU
		{8BEA3B38-FF21-4A62-BE0C-C308FC4D7880}.Debug|Any CPU.Build.0 = Debug|Any CPU
		{8BEA3B38-FF21-4A62-BE0C-C308FC4D7880}.Release|Any CPU.ActiveCfg = Release|Any CPU
		{8BEA3B38-FF21-4A62-BE0C-C308FC4D7880}.Release|Any CPU.Build.0 = Release|Any CPU
		{993333BF-D926-4686-B614-C5019536259F}.Debug|Any CPU.ActiveCfg = Debug|Any CPU
		{993333BF-D926-4686-B614-C5019536259F}.Debug|Any CPU.Build.0 = Debug|Any CPU
		{993333BF-D926-4686-B614-C5019536259F}.Release|Any CPU.ActiveCfg = Release|Any CPU
		{993333BF-D926-4686-B614-C5019536259F}.Release|Any CPU.Build.0 = Release|Any CPU
		{8F826310-6017-4668-8B10-295A4EE431D3}.Debug|Any CPU.ActiveCfg = Debug|Any CPU
		{8F826310-6017-4668-8B10-295A4EE431D3}.Debug|Any CPU.Build.0 = Debug|Any CPU
		{8F826310-6017-4668-8B10-295A4EE431D3}.Release|Any CPU.ActiveCfg = Release|Any CPU
		{8F826310-6017-4668-8B10-295A4EE431D3}.Release|Any CPU.Build.0 = Release|Any CPU
	EndGlobalSection
	GlobalSection(SolutionProperties) = preSolution
		HideSolutionNode = FALSE
	EndGlobalSection
	GlobalSection(ExtensibilityGlobals) = postSolution
		SolutionGuid = {FC987919-ACB7-412F-81AF-28A1983B223B}
	EndGlobalSection
EndGlobal
